
Microsoft Visual Studio Solution File, Format Version 12.00
# Visual Studio Version 17
VisualStudioVersion = 17.1.32421.90
MinimumVisualStudioVersion = 10.0.40219.1
Project("{FAE04EC0-301F-11D3-BF4B-00C04F79EFBC}") = "Enum", "Enum\Enum.csproj", "{4D371B5C-9043-44EA-8B88-5631E45F837E}"
EndProject
Global
	GlobalSection(SolutionConfigurationPlatforms) = preSolution
		Debug|Any CPU = Debug|Any CPU
		Release|Any CPU = Release|Any CPU
	EndGlobalSection
	GlobalSection(ProjectConfigurationPlatforms) = postSolution
		{4D371B5C-9043-44EA-8B88-5631E45F837E}.Debug|Any CPU.ActiveCfg = Debug|Any CPU
		{4D371B5C-9043-44EA-8B88-5631E45F837E}.Debug|Any CPU.Build.0 = Debug|Any CPU
		{4D371B5C-9043-44EA-8B88-5631E45F837E}.Release|Any CPU.ActiveCfg = Release|Any CPU
		{4D371B5C-9043-44EA-8B88-5631E45F837E}.Release|Any CPU.Build.0 = Release|Any CPU
	EndGlobalSection
	GlobalSection(SolutionProperties) = preSolution
		HideSolutionNode = FALSE
	EndGlobalSection
	GlobalSection(ExtensibilityGlobals) = postSolution
		SolutionGuid = {FF0275F5-06C5-44F5-AFCF-E48B4B3C270C}
	EndGlobalSection
EndGlobal
